
Microsoft Visual Studio Solution File, Format Version 12.00
# Visual Studio 14
VisualStudioVersion = 14.0.25420.1
MinimumVisualStudioVersion = 10.0.40219.1
Project("{FAE04EC0-301F-11D3-BF4B-00C04F79EFBC}") = "App1.Droid", "App1\App1.Droid\App1.Droid.csproj", "{3FACDE02-9639-42FB-A603-511DE0F8156B}"
EndProject
Project("{FAE04EC0-301F-11D3-BF4B-00C04F79EFBC}") = "App1.iOS", "App1\App1.iOS\App1.iOS.csproj", "{33F0B58B-4A17-47B1-93A0-EA41AA4A16A9}"
EndProject
Project("{FAE04EC0-301F-11D3-BF4B-00C04F79EFBC}") = "App1.WinPhone", "App1\App1.WinPhone\App1.WinPhone.csproj", "{0D161181-8CA9-425A-B2FB-4490AA356447}"
EndProject
Project("{FAE04EC0-301F-11D3-BF4B-00C04F79EFBC}") = "App1.UWP", "App1\App1.UWP\App1.UWP.csproj", "{BC7561F0-7173-4C30-8F3C-ED34C42CBD58}"
EndProject
Project("{FAE04EC0-301F-11D3-BF4B-00C04F79EFBC}") = "App1.Windows", "App1\App1.Windows\App1.Windows.csproj", "{D5993012-ECAE-4F51-8CA4-E827968BECD7}"
EndProject
Project("{FAE04EC0-301F-11D3-BF4B-00C04F79EFBC}") = "App1", "App1\App1\App1.csproj", "{0D940BDD-EFF9-4D9B-A9EF-B89695256BB3}"
EndProject
Global
	GlobalSection(SolutionConfigurationPlatforms) = preSolution
		Ad-Hoc|Any CPU = Ad-Hoc|Any CPU
		Ad-Hoc|ARM = Ad-Hoc|ARM
		Ad-Hoc|iPhone = Ad-Hoc|iPhone
		Ad-Hoc|iPhoneSimulator = Ad-Hoc|iPhoneSimulator
		Ad-Hoc|x64 = Ad-Hoc|x64
		Ad-Hoc|x86 = Ad-Hoc|x86
		AppStore|Any CPU = AppStore|Any CPU
		AppStore|ARM = AppStore|ARM
		AppStore|iPhone = AppStore|iPhone
		AppStore|iPhoneSimulator = AppStore|iPhoneSimulator
		AppStore|x64 = AppStore|x64
		AppStore|x86 = AppStore|x86
		Debug|Any CPU = Debug|Any CPU
		Debug|ARM = Debug|ARM
		Debug|iPhone = Debug|iPhone
		Debug|iPhoneSimulator = Debug|iPhoneSimulator
		Debug|x64 = Debug|x64
		Debug|x86 = Debug|x86
		Release|Any CPU = Release|Any CPU
		Release|ARM = Release|ARM
		Release|iPhone = Release|iPhone
		Release|iPhoneSimulator = Release|iPhoneSimulator
		Release|x64 = Release|x64
		Release|x86 = Release|x86
	EndGlobalSection
	GlobalSection(ProjectConfigurationPlatforms) = postSolution
		{3FACDE02-9639-42FB-A603-511DE0F8156B}.Ad-Hoc|Any CPU.ActiveCfg = Release|Any CPU
		{3FACDE02-9639-42FB-A603-511DE0F8156B}.Ad-Hoc|Any CPU.Build.0 = Release|Any CPU
		{3FACDE02-9639-42FB-A603-511DE0F8156B}.Ad-Hoc|Any CPU.Deploy.0 = Release|Any CPU
		{3FACDE02-9639-42FB-A603-511DE0F8156B}.Ad-Hoc|ARM.ActiveCfg = Release|Any CPU
		{3FACDE02-9639-42FB-A603-511DE0F8156B}.Ad-Hoc|ARM.Build.0 = Release|Any CPU
		{3FACDE02-9639-42FB-A603-511DE0F8156B}.Ad-Hoc|ARM.Deploy.0 = Release|Any CPU
		{3FACDE02-9639-42FB-A603-511DE0F8156B}.Ad-Hoc|iPhone.ActiveCfg = Release|Any CPU
		{3FACDE02-9639-42FB-A603-511DE0F8156B}.Ad-Hoc|iPhone.Build.0 = Release|Any CPU
		{3FACDE02-9639-42FB-A603-511DE0F8156B}.Ad-Hoc|iPhone.Deploy.0 = Release|Any CPU
		{3FACDE02-9639-42FB-A603-511DE0F8156B}.Ad-Hoc|iPhoneSimulator.ActiveCfg = Release|Any CPU
		{3FACDE02-9639-42FB-A603-511DE0F8156B}.Ad-Hoc|iPhoneSimulator.Build.0 = Release|Any CPU
		{3FACDE02-9639-42FB-A603-511DE0F8156B}.Ad-Hoc|iPhoneSimulator.Deploy.0 = Release|Any CPU
		{3FACDE02-9639-42FB-A603-511DE0F8156B}.Ad-Hoc|x64.ActiveCfg = Release|Any CPU
		{3FACDE02-9639-42FB-A603-511DE0F8156B}.Ad-Hoc|x64.Build.0 = Release|Any CPU
		{3FACDE02-9639-42FB-A603-511DE0F8156B}.Ad-Hoc|x64.Deploy.0 = Release|Any CPU
		{3FACDE02-9639-42FB-A603-511DE0F8156B}.Ad-Hoc|x86.ActiveCfg = Release|Any CPU
		{3FACDE02-9639-42FB-A603-511DE0F8156B}.Ad-Hoc|x86.Build.0 = Release|Any CPU
		{3FACDE02-9639-42FB-A603-511DE0F8156B}.Ad-Hoc|x86.Deploy.0 = Release|Any CPU
		{3FACDE02-9639-42FB-A603-511DE0F8156B}.AppStore|Any CPU.ActiveCfg = Release|Any CPU
		{3FACDE02-9639-42FB-A603-511DE0F8156B}.AppStore|Any CPU.Build.0 = Release|Any CPU
		{3FACDE02-9639-42FB-A603-511DE0F8156B}.AppStore|Any CPU.Deploy.0 = Release|Any CPU
		{3FACDE02-9639-42FB-A603-511DE0F8156B}.AppStore|ARM.ActiveCfg = Release|Any CPU
		{3FACDE02-9639-42FB-A603-511DE0F8156B}.AppStore|ARM.Build.0 = Release|Any CPU
		{3FACDE02-9639-42FB-A603-511DE0F8156B}.AppStore|ARM.Deploy.0 = Release|Any CPU
		{3FACDE02-9639-42FB-A603-511DE0F8156B}.AppStore|iPhone.ActiveCfg = Release|Any CPU
		{3FACDE02-9639-42FB-A603-511DE0F8156B}.AppStore|iPhone.Build.0 = Release|Any CPU
		{3FACDE02-9639-42FB-A603-511DE0F8156B}.AppStore|iPhone.Deploy.0 = Release|Any CPU
		{3FACDE02-9639-42FB-A603-511DE0F8156B}.AppStore|iPhoneSimulator.ActiveCfg = Release|Any CPU
		{3FACDE02-9639-42FB-A603-511DE0F8156B}.AppStore|iPhoneSimulator.Build.0 = Release|Any CPU
		{3FACDE02-9639-42FB-A603-511DE0F8156B}.AppStore|iPhoneSimulator.Deploy.0 = Release|Any CPU
		{3FACDE02-9639-42FB-A603-511DE0F8156B}.AppStore|x64.ActiveCfg = Release|Any CPU
		{3FACDE02-9639-42FB-A603-511DE0F8156B}.AppStore|x64.Build.0 = Release|Any CPU
		{3FACDE02-9639-42FB-A603-511DE0F8156B}.AppStore|x64.Deploy.0 = Release|Any CPU
		{3FACDE02-9639-42FB-A603-511DE0F8156B}.AppStore|x86.ActiveCfg = Release|Any CPU
		{3FACDE02-9639-42FB-A603-511DE0F8156B}.AppStore|x86.Build.0 = Release|Any CPU
		{3FACDE02-9639-42FB-A603-511DE0F8156B}.AppStore|x86.Deploy.0 = Release|Any CPU
		{3FACDE02-9639-42FB-A603-511DE0F8156B}.Debug|Any CPU.ActiveCfg = Debug|Any CPU
		{3FACDE02-9639-42FB-A603-511DE0F8156B}.Debug|Any CPU.Build.0 = Debug|Any CPU
		{3FACDE02-9639-42FB-A603-511DE0F8156B}.Debug|Any CPU.Deploy.0 = Debug|Any CPU
		{3FACDE02-9639-42FB-A603-511DE0F8156B}.Debug|ARM.ActiveCfg = Debug|Any CPU
		{3FACDE02-9639-42FB-A603-511DE0F8156B}.Debug|ARM.Build.0 = Debug|Any CPU
		{3FACDE02-9639-42FB-A603-511DE0F8156B}.Debug|ARM.Deploy.0 = Debug|Any CPU
		{3FACDE02-9639-42FB-A603-511DE0F8156B}.Debug|iPhone.ActiveCfg = Debug|Any CPU
		{3FACDE02-9639-42FB-A603-511DE0F8156B}.Debug|iPhone.Build.0 = Debug|Any CPU
		{3FACDE02-9639-42FB-A603-511DE0F8156B}.Debug|iPhone.Deploy.0 = Debug|Any CPU
		{3FACDE02-9639-42FB-A603-511DE0F8156B}.Debug|iPhoneSimulator.ActiveCfg = Debug|Any CPU
		{3FACDE02-9639-42FB-A603-511DE0F8156B}.Debug|iPhoneSimulator.Build.0 = Debug|Any CPU
		{3FACDE02-9639-42FB-A603-511DE0F8156B}.Debug|iPhoneSimulator.Deploy.0 = Debug|Any CPU
		{3FACDE02-9639-42FB-A603-511DE0F8156B}.Debug|x64.ActiveCfg = Debug|Any CPU
		{3FACDE02-9639-42FB-A603-511DE0F8156B}.Debug|x64.Build.0 = Debug|Any CPU
		{3FACDE02-9639-42FB-A603-511DE0F8156B}.Debug|x64.Deploy.0 = Debug|Any CPU
		{3FACDE02-9639-42FB-A603-511DE0F8156B}.Debug|x86.ActiveCfg = Debug|Any CPU
		{3FACDE02-9639-42FB-A603-511DE0F8156B}.Debug|x86.Build.0 = Debug|Any CPU
		{3FACDE02-9639-42FB-A603-511DE0F8156B}.Debug|x86.Deploy.0 = Debug|Any CPU
		{3FACDE02-9639-42FB-A603-511DE0F8156B}.Release|Any CPU.ActiveCfg = Release|Any CPU
		{3FACDE02-9639-42FB-A603-511DE0F8156B}.Release|Any CPU.Build.0 = Release|Any CPU
		{3FACDE02-9639-42FB-A603-511DE0F8156B}.Release|Any CPU.Deploy.0 = Release|Any CPU
		{3FACDE02-9639-42FB-A603-511DE0F8156B}.Release|ARM.ActiveCfg = Release|Any CPU
		{3FACDE02-9639-42FB-A603-511DE0F8156B}.Release|ARM.Build.0 = Release|Any CPU
		{3FACDE02-9639-42FB-A603-511DE0F8156B}.Release|ARM.Deploy.0 = Release|Any CPU
		{3FACDE02-9639-42FB-A603-511DE0F8156B}.Release|iPhone.ActiveCfg = Release|Any CPU
		{3FACDE02-9639-42FB-A603-511DE0F8156B}.Release|iPhone.Build.0 = Release|Any CPU
		{3FACDE02-9639-42FB-A603-511DE0F8156B}.Release|iPhone.Deploy.0 = Release|Any CPU
		{3FACDE02-9639-42FB-A603-511DE0F8156B}.Release|iPhoneSimulator.ActiveCfg = Release|Any CPU
		{3FACDE02-9639-42FB-A603-511DE0F8156B}.Release|iPhoneSimulator.Build.0 = Release|Any CPU
		{3FACDE02-9639-42FB-A603-511DE0F8156B}.Release|iPhoneSimulator.Deploy.0 = Release|Any CPU
		{3FACDE02-9639-42FB-A603-511DE0F8156B}.Release|x64.ActiveCfg = Release|Any CPU
		{3FACDE02-9639-42FB-A603-511DE0F8156B}.Release|x64.Build.0 = Release|Any CPU
		{3FACDE02-9639-42FB-A603-511DE0F8156B}.Release|x64.Deploy.0 = Release|Any CPU
		{3FACDE02-9639-42FB-A603-511DE0F8156B}.Release|x86.ActiveCfg = Release|Any CPU
		{3FACDE02-9639-42FB-A603-511DE0F8156B}.Release|x86.Build.0 = Release|Any CPU
		{3FACDE02-9639-42FB-A603-511DE0F8156B}.Release|x86.Deploy.0 = Release|Any CPU
		{33F0B58B-4A17-47B1-93A0-EA41AA4A16A9}.Ad-Hoc|Any CPU.ActiveCfg = Ad-Hoc|iPhone
		{33F0B58B-4A17-47B1-93A0-EA41AA4A16A9}.Ad-Hoc|ARM.ActiveCfg = Ad-Hoc|iPhone
		{33F0B58B-4A17-47B1-93A0-EA41AA4A16A9}.Ad-Hoc|iPhone.ActiveCfg = Ad-Hoc|iPhone
		{33F0B58B-4A17-47B1-93A0-EA41AA4A16A9}.Ad-Hoc|iPhone.Build.0 = Ad-Hoc|iPhone
		{33F0B58B-4A17-47B1-93A0-EA41AA4A16A9}.Ad-Hoc|iPhoneSimulator.ActiveCfg = Ad-Hoc|iPhoneSimulator
		{33F0B58B-4A17-47B1-93A0-EA41AA4A16A9}.Ad-Hoc|iPhoneSimulator.Build.0 = Ad-Hoc|iPhoneSimulator
		{33F0B58B-4A17-47B1-93A0-EA41AA4A16A9}.Ad-Hoc|x64.ActiveCfg = Ad-Hoc|iPhone
		{33F0B58B-4A17-47B1-93A0-EA41AA4A16A9}.Ad-Hoc|x86.ActiveCfg = Ad-Hoc|iPhone
		{33F0B58B-4A17-47B1-93A0-EA41AA4A16A9}.AppStore|Any CPU.ActiveCfg = AppStore|iPhone
		{33F0B58B-4A17-47B1-93A0-EA41AA4A16A9}.AppStore|ARM.ActiveCfg = AppStore|iPhone
		{33F0B58B-4A17-47B1-93A0-EA41AA4A16A9}.AppStore|iPhone.ActiveCfg = AppStore|iPhone
		{33F0B58B-4A17-47B1-93A0-EA41AA4A16A9}.AppStore|iPhone.Build.0 = AppStore|iPhone
		{33F0B58B-4A17-47B1-93A0-EA41AA4A16A9}.AppStore|iPhoneSimulator.ActiveCfg = AppStore|iPhoneSimulator
		{33F0B58B-4A17-47B1-93A0-EA41AA4A16A9}.AppStore|iPhoneSimulator.Build.0 = AppStore|iPhoneSimulator
		{33F0B58B-4A17-47B1-93A0-EA41AA4A16A9}.AppStore|x64.ActiveCfg = AppStore|iPhone
		{33F0B58B-4A17-47B1-93A0-EA41AA4A16A9}.AppStore|x86.ActiveCfg = AppStore|iPhone
		{33F0B58B-4A17-47B1-93A0-EA41AA4A16A9}.Debug|Any CPU.ActiveCfg = Debug|iPhone
		{33F0B58B-4A17-47B1-93A0-EA41AA4A16A9}.Debug|ARM.ActiveCfg = Debug|iPhone
		{33F0B58B-4A17-47B1-93A0-EA41AA4A16A9}.Debug|iPhone.ActiveCfg = Debug|iPhone
		{33F0B58B-4A17-47B1-93A0-EA41AA4A16A9}.Debug|iPhone.Build.0 = Debug|iPhone
		{33F0B58B-4A17-47B1-93A0-EA41AA4A16A9}.Debug|iPhoneSimulator.ActiveCfg = Debug|iPhoneSimulator
		{33F0B58B-4A17-47B1-93A0-EA41AA4A16A9}.Debug|iPhoneSimulator.Build.0 = Debug|iPhoneSimulator
		{33F0B58B-4A17-47B1-93A0-EA41AA4A16A9}.Debug|x64.ActiveCfg = Debug|iPhone
		{33F0B58B-4A17-47B1-93A0-EA41AA4A16A9}.Debug|x86.ActiveCfg = Debug|iPhone
		{33F0B58B-4A17-47B1-93A0-EA41AA4A16A9}.Release|Any CPU.ActiveCfg = Release|iPhone
		{33F0B58B-4A17-47B1-93A0-EA41AA4A16A9}.Release|ARM.ActiveCfg = Release|iPhone
		{33F0B58B-4A17-47B1-93A0-EA41AA4A16A9}.Release|iPhone.ActiveCfg = Release|iPhone
		{33F0B58B-4A17-47B1-93A0-EA41AA4A16A9}.Release|iPhone.Build.0 = Release|iPhone
		{33F0B58B-4A17-47B1-93A0-EA41AA4A16A9}.Release|iPhoneSimulator.ActiveCfg = Release|iPhoneSimulator
		{33F0B58B-4A17-47B1-93A0-EA41AA4A16A9}.Release|iPhoneSimulator.Build.0 = Release|iPhoneSimulator
		{33F0B58B-4A17-47B1-93A0-EA41AA4A16A9}.Release|x64.ActiveCfg = Release|iPhone
		{33F0B58B-4A17-47B1-93A0-EA41AA4A16A9}.Release|x86.ActiveCfg = Release|iPhone
		{0D161181-8CA9-425A-B2FB-4490AA356447}.Ad-Hoc|Any CPU.ActiveCfg = Release|Any CPU
		{0D161181-8CA9-425A-B2FB-4490AA356447}.Ad-Hoc|Any CPU.Build.0 = Release|Any CPU
		{0D161181-8CA9-425A-B2FB-4490AA356447}.Ad-Hoc|Any CPU.Deploy.0 = Release|Any CPU
		{0D161181-8CA9-425A-B2FB-4490AA356447}.Ad-Hoc|ARM.ActiveCfg = Release|ARM
		{0D161181-8CA9-425A-B2FB-4490AA356447}.Ad-Hoc|ARM.Build.0 = Release|ARM
		{0D161181-8CA9-425A-B2FB-4490AA356447}.Ad-Hoc|ARM.Deploy.0 = Release|ARM
		{0D161181-8CA9-425A-B2FB-4490AA356447}.Ad-Hoc|iPhone.ActiveCfg = Release|Any CPU
		{0D161181-8CA9-425A-B2FB-4490AA356447}.Ad-Hoc|iPhone.Build.0 = Release|Any CPU
		{0D161181-8CA9-425A-B2FB-4490AA356447}.Ad-Hoc|iPhone.Deploy.0 = Release|Any CPU
		{0D161181-8CA9-425A-B2FB-4490AA356447}.Ad-Hoc|iPhoneSimulator.ActiveCfg = Release|Any CPU
		{0D161181-8CA9-425A-B2FB-4490AA356447}.Ad-Hoc|iPhoneSimulator.Build.0 = Release|Any CPU
		{0D161181-8CA9-425A-B2FB-4490AA356447}.Ad-Hoc|iPhoneSimulator.Deploy.0 = Release|Any CPU
		{0D161181-8CA9-425A-B2FB-4490AA356447}.Ad-Hoc|x64.ActiveCfg = Release|Any CPU
		{0D161181-8CA9-425A-B2FB-4490AA356447}.Ad-Hoc|x64.Build.0 = Release|Any CPU
		{0D161181-8CA9-425A-B2FB-4490AA356447}.Ad-Hoc|x64.Deploy.0 = Release|Any CPU
		{0D161181-8CA9-425A-B2FB-4490AA356447}.Ad-Hoc|x86.ActiveCfg = Release|x86
		{0D161181-8CA9-425A-B2FB-4490AA356447}.Ad-Hoc|x86.Build.0 = Release|x86
		{0D161181-8CA9-425A-B2FB-4490AA356447}.Ad-Hoc|x86.Deploy.0 = Release|x86
		{0D161181-8CA9-425A-B2FB-4490AA356447}.AppStore|Any CPU.ActiveCfg = Release|Any CPU
		{0D161181-8CA9-425A-B2FB-4490AA356447}.AppStore|Any CPU.Build.0 = Release|Any CPU
		{0D161181-8CA9-425A-B2FB-4490AA356447}.AppStore|Any CPU.Deploy.0 = Release|Any CPU
		{0D161181-8CA9-425A-B2FB-4490AA356447}.AppStore|ARM.ActiveCfg = Release|ARM
		{0D161181-8CA9-425A-B2FB-4490AA356447}.AppStore|ARM.Build.0 = Release|ARM
		{0D161181-8CA9-425A-B2FB-4490AA356447}.AppStore|ARM.Deploy.0 = Release|ARM
		{0D161181-8CA9-425A-B2FB-4490AA356447}.AppStore|iPhone.ActiveCfg = Release|Any CPU
		{0D161181-8CA9-425A-B2FB-4490AA356447}.AppStore|iPhone.Build.0 = Release|Any CPU
		{0D161181-8CA9-425A-B2FB-4490AA356447}.AppStore|iPhone.Deploy.0 = Release|Any CPU
		{0D161181-8CA9-425A-B2FB-4490AA356447}.AppStore|iPhoneSimulator.ActiveCfg = Release|Any CPU
		{0D161181-8CA9-425A-B2FB-4490AA356447}.AppStore|iPhoneSimulator.Build.0 = Release|Any CPU
		{0D161181-8CA9-425A-B2FB-4490AA356447}.AppStore|iPhoneSimulator.Deploy.0 = Release|Any CPU
		{0D161181-8CA9-425A-B2FB-4490AA356447}.AppStore|x64.ActiveCfg = Release|Any CPU
		{0D161181-8CA9-425A-B2FB-4490AA356447}.AppStore|x64.Build.0 = Release|Any CPU
		{0D161181-8CA9-425A-B2FB-4490AA356447}.AppStore|x64.Deploy.0 = Release|Any CPU
		{0D161181-8CA9-425A-B2FB-4490AA356447}.AppStore|x86.ActiveCfg = Release|x86
		{0D161181-8CA9-425A-B2FB-4490AA356447}.AppStore|x86.Build.0 = Release|x86
		{0D161181-8CA9-425A-B2FB-4490AA356447}.AppStore|x86.Deploy.0 = Release|x86
		{0D161181-8CA9-425A-B2FB-4490AA356447}.Debug|Any CPU.ActiveCfg = Debug|Any CPU
		{0D161181-8CA9-425A-B2FB-4490AA356447}.Debug|Any CPU.Build.0 = Debug|Any CPU
		{0D161181-8CA9-425A-B2FB-4490AA356447}.Debug|Any CPU.Deploy.0 = Debug|Any CPU
		{0D161181-8CA9-425A-B2FB-4490AA356447}.Debug|ARM.ActiveCfg = Debug|ARM
		{0D161181-8CA9-425A-B2FB-4490AA356447}.Debug|ARM.Build.0 = Debug|ARM
		{0D161181-8CA9-425A-B2FB-4490AA356447}.Debug|ARM.Deploy.0 = Debug|ARM
		{0D161181-8CA9-425A-B2FB-4490AA356447}.Debug|iPhone.ActiveCfg = Debug|Any CPU
		{0D161181-8CA9-425A-B2FB-4490AA356447}.Debug|iPhone.Build.0 = Debug|Any CPU
		{0D161181-8CA9-425A-B2FB-4490AA356447}.Debug|iPhone.Deploy.0 = Debug|Any CPU
		{0D161181-8CA9-425A-B2FB-4490AA356447}.Debug|iPhoneSimulator.ActiveCfg = Debug|Any CPU
		{0D161181-8CA9-425A-B2FB-4490AA356447}.Debug|iPhoneSimulator.Build.0 = Debug|Any CPU
		{0D161181-8CA9-425A-B2FB-4490AA356447}.Debug|iPhoneSimulator.Deploy.0 = Debug|Any CPU
		{0D161181-8CA9-425A-B2FB-4490AA356447}.Debug|x64.ActiveCfg = Debug|Any CPU
		{0D161181-8CA9-425A-B2FB-4490AA356447}.Debug|x64.Build.0 = Debug|Any CPU
		{0D161181-8CA9-425A-B2FB-4490AA356447}.Debug|x64.Deploy.0 = Debug|Any CPU
		{0D161181-8CA9-425A-B2FB-4490AA356447}.Debug|x86.ActiveCfg = Debug|x86
		{0D161181-8CA9-425A-B2FB-4490AA356447}.Debug|x86.Build.0 = Debug|x86
		{0D161181-8CA9-425A-B2FB-4490AA356447}.Debug|x86.Deploy.0 = Debug|x86
		{0D161181-8CA9-425A-B2FB-4490AA356447}.Release|Any CPU.ActiveCfg = Release|Any CPU
		{0D161181-8CA9-425A-B2FB-4490AA356447}.Release|Any CPU.Build.0 = Release|Any CPU
		{0D161181-8CA9-425A-B2FB-4490AA356447}.Release|Any CPU.Deploy.0 = Release|Any CPU
		{0D161181-8CA9-425A-B2FB-4490AA356447}.Release|ARM.ActiveCfg = Release|ARM
		{0D161181-8CA9-425A-B2FB-4490AA356447}.Release|ARM.Build.0 = Release|ARM
		{0D161181-8CA9-425A-B2FB-4490AA356447}.Release|ARM.Deploy.0 = Release|ARM
		{0D161181-8CA9-425A-B2FB-4490AA356447}.Release|iPhone.ActiveCfg = Release|Any CPU
		{0D161181-8CA9-425A-B2FB-4490AA356447}.Release|iPhone.Build.0 = Release|Any CPU
		{0D161181-8CA9-425A-B2FB-4490AA356447}.Release|iPhone.Deploy.0 = Release|Any CPU
		{0D161181-8CA9-425A-B2FB-4490AA356447}.Release|iPhoneSimulator.ActiveCfg = Release|Any CPU
		{0D161181-8CA9-425A-B2FB-4490AA356447}.Release|iPhoneSimulator.Build.0 = Release|Any CPU
		{0D161181-8CA9-425A-B2FB-4490AA356447}.Release|iPhoneSimulator.Deploy.0 = Release|Any CPU
		{0D161181-8CA9-425A-B2FB-4490AA356447}.Release|x64.ActiveCfg = Release|Any CPU
		{0D161181-8CA9-425A-B2FB-4490AA356447}.Release|x64.Build.0 = Release|Any CPU
		{0D161181-8CA9-425A-B2FB-4490AA356447}.Release|x64.Deploy.0 = Release|Any CPU
		{0D161181-8CA9-425A-B2FB-4490AA356447}.Release|x86.ActiveCfg = Release|x86
		{0D161181-8CA9-425A-B2FB-4490AA356447}.Release|x86.Build.0 = Release|x86
		{0D161181-8CA9-425A-B2FB-4490AA356447}.Release|x86.Deploy.0 = Release|x86
		{BC7561F0-7173-4C30-8F3C-ED34C42CBD58}.Ad-Hoc|Any CPU.ActiveCfg = Release|x86
		{BC7561F0-7173-4C30-8F3C-ED34C42CBD58}.Ad-Hoc|Any CPU.Build.0 = Release|x86
		{BC7561F0-7173-4C30-8F3C-ED34C42CBD58}.Ad-Hoc|Any CPU.Deploy.0 = Release|x86
		{BC7561F0-7173-4C30-8F3C-ED34C42CBD58}.Ad-Hoc|ARM.ActiveCfg = Release|ARM
		{BC7561F0-7173-4C30-8F3C-ED34C42CBD58}.Ad-Hoc|ARM.Build.0 = Release|ARM
		{BC7561F0-7173-4C30-8F3C-ED34C42CBD58}.Ad-Hoc|ARM.Deploy.0 = Release|ARM
		{BC7561F0-7173-4C30-8F3C-ED34C42CBD58}.Ad-Hoc|iPhone.ActiveCfg = Release|x86
		{BC7561F0-7173-4C30-8F3C-ED34C42CBD58}.Ad-Hoc|iPhone.Build.0 = Release|x86
		{BC7561F0-7173-4C30-8F3C-ED34C42CBD58}.Ad-Hoc|iPhone.Deploy.0 = Release|x86
		{BC7561F0-7173-4C30-8F3C-ED34C42CBD58}.Ad-Hoc|iPhoneSimulator.ActiveCfg = Release|x86
		{BC7561F0-7173-4C30-8F3C-ED34C42CBD58}.Ad-Hoc|iPhoneSimulator.Build.0 = Release|x86
		{BC7561F0-7173-4C30-8F3C-ED34C42CBD58}.Ad-Hoc|iPhoneSimulator.Deploy.0 = Release|x86
		{BC7561F0-7173-4C30-8F3C-ED34C42CBD58}.Ad-Hoc|x64.ActiveCfg = Release|x64
		{BC7561F0-7173-4C30-8F3C-ED34C42CBD58}.Ad-Hoc|x64.Build.0 = Release|x64
		{BC7561F0-7173-4C30-8F3C-ED34C42CBD58}.Ad-Hoc|x64.Deploy.0 = Release|x64
		{BC7561F0-7173-4C30-8F3C-ED34C42CBD58}.Ad-Hoc|x86.ActiveCfg = Release|x86
		{BC7561F0-7173-4C30-8F3C-ED34C42CBD58}.Ad-Hoc|x86.Build.0 = Release|x86
		{BC7561F0-7173-4C30-8F3C-ED34C42CBD58}.Ad-Hoc|x86.Deploy.0 = Release|x86
		{BC7561F0-7173-4C30-8F3C-ED34C42CBD58}.AppStore|Any CPU.ActiveCfg = Release|x86
		{BC7561F0-7173-4C30-8F3C-ED34C42CBD58}.AppStore|Any CPU.Build.0 = Release|x86
		{BC7561F0-7173-4C30-8F3C-ED34C42CBD58}.AppStore|Any CPU.Deploy.0 = Release|x86
		{BC7561F0-7173-4C30-8F3C-ED34C42CBD58}.AppStore|ARM.ActiveCfg = Release|ARM
		{BC7561F0-7173-4C30-8F3C-ED34C42CBD58}.AppStore|ARM.Build.0 = Release|ARM
		{BC7561F0-7173-4C30-8F3C-ED34C42CBD58}.AppStore|ARM.Deploy.0 = Release|ARM
		{BC7561F0-7173-4C30-8F3C-ED34C42CBD58}.AppStore|iPhone.ActiveCfg = Release|x86
		{BC7561F0-7173-4C30-8F3C-ED34C42CBD58}.AppStore|iPhone.Build.0 = Release|x86
		{BC7561F0-7173-4C30-8F3C-ED34C42CBD58}.AppStore|iPhone.Deploy.0 = Release|x86
		{BC7561F0-7173-4C30-8F3C-ED34C42CBD58}.AppStore|iPhoneSimulator.ActiveCfg = Release|x86
		{BC7561F0-7173-4C30-8F3C-ED34C42CBD58}.AppStore|iPhoneSimulator.Build.0 = Release|x86
		{BC7561F0-7173-4C30-8F3C-ED34C42CBD58}.AppStore|iPhoneSimulator.Deploy.0 = Release|x86
		{BC7561F0-7173-4C30-8F3C-ED34C42CBD58}.AppStore|x64.ActiveCfg = Release|x64
		{BC7561F0-7173-4C30-8F3C-ED34C42CBD58}.AppStore|x64.Build.0 = Release|x64
		{BC7561F0-7173-4C30-8F3C-ED34C42CBD58}.AppStore|x64.Deploy.0 = Release|x64
		{BC7561F0-7173-4C30-8F3C-ED34C42CBD58}.AppStore|x86.ActiveCfg = Release|x86
		{BC7561F0-7173-4C30-8F3C-ED34C42CBD58}.AppStore|x86.Build.0 = Release|x86
		{BC7561F0-7173-4C30-8F3C-ED34C42CBD58}.AppStore|x86.Deploy.0 = Release|x86
		{BC7561F0-7173-4C30-8F3C-ED34C42CBD58}.Debug|Any CPU.ActiveCfg = Debug|x86
		{BC7561F0-7173-4C30-8F3C-ED34C42CBD58}.Debug|ARM.ActiveCfg = Debug|ARM
		{BC7561F0-7173-4C30-8F3C-ED34C42CBD58}.Debug|ARM.Build.0 = Debug|ARM
		{BC7561F0-7173-4C30-8F3C-ED34C42CBD58}.Debug|ARM.Deploy.0 = Debug|ARM
		{BC7561F0-7173-4C30-8F3C-ED34C42CBD58}.Debug|iPhone.ActiveCfg = Debug|x86
		{BC7561F0-7173-4C30-8F3C-ED34C42CBD58}.Debug|iPhoneSimulator.ActiveCfg = Debug|x86
		{BC7561F0-7173-4C30-8F3C-ED34C42CBD58}.Debug|x64.ActiveCfg = Debug|x64
		{BC7561F0-7173-4C30-8F3C-ED34C42CBD58}.Debug|x64.Build.0 = Debug|x64
		{BC7561F0-7173-4C30-8F3C-ED34C42CBD58}.Debug|x64.Deploy.0 = Debug|x64
		{BC7561F0-7173-4C30-8F3C-ED34C42CBD58}.Debug|x86.ActiveCfg = Debug|x86
		{BC7561F0-7173-4C30-8F3C-ED34C42CBD58}.Debug|x86.Build.0 = Debug|x86
		{BC7561F0-7173-4C30-8F3C-ED34C42CBD58}.Debug|x86.Deploy.0 = Debug|x86
		{BC7561F0-7173-4C30-8F3C-ED34C42CBD58}.Release|Any CPU.ActiveCfg = Release|x86
		{BC7561F0-7173-4C30-8F3C-ED34C42CBD58}.Release|ARM.ActiveCfg = Release|ARM
		{BC7561F0-7173-4C30-8F3C-ED34C42CBD58}.Release|ARM.Build.0 = Release|ARM
		{BC7561F0-7173-4C30-8F3C-ED34C42CBD58}.Release|ARM.Deploy.0 = Release|ARM
		{BC7561F0-7173-4C30-8F3C-ED34C42CBD58}.Release|iPhone.ActiveCfg = Release|x86
		{BC7561F0-7173-4C30-8F3C-ED34C42CBD58}.Release|iPhoneSimulator.ActiveCfg = Release|x86
		{BC7561F0-7173-4C30-8F3C-ED34C42CBD58}.Release|x64.ActiveCfg = Release|x64
		{BC7561F0-7173-4C30-8F3C-ED34C42CBD58}.Release|x64.Build.0 = Release|x64
		{BC7561F0-7173-4C30-8F3C-ED34C42CBD58}.Release|x64.Deploy.0 = Release|x64
		{BC7561F0-7173-4C30-8F3C-ED34C42CBD58}.Release|x86.ActiveCfg = Release|x86
		{BC7561F0-7173-4C30-8F3C-ED34C42CBD58}.Release|x86.Build.0 = Release|x86
		{BC7561F0-7173-4C30-8F3C-ED34C42CBD58}.Release|x86.Deploy.0 = Release|x86
		{D5993012-ECAE-4F51-8CA4-E827968BECD7}.Ad-Hoc|Any CPU.ActiveCfg = Release|Any CPU
		{D5993012-ECAE-4F51-8CA4-E827968BECD7}.Ad-Hoc|Any CPU.Build.0 = Release|Any CPU
		{D5993012-ECAE-4F51-8CA4-E827968BECD7}.Ad-Hoc|Any CPU.Deploy.0 = Release|Any CPU
		{D5993012-ECAE-4F51-8CA4-E827968BECD7}.Ad-Hoc|ARM.ActiveCfg = Release|ARM
		{D5993012-ECAE-4F51-8CA4-E827968BECD7}.Ad-Hoc|ARM.Build.0 = Release|ARM
		{D5993012-ECAE-4F51-8CA4-E827968BECD7}.Ad-Hoc|ARM.Deploy.0 = Release|ARM
		{D5993012-ECAE-4F51-8CA4-E827968BECD7}.Ad-Hoc|iPhone.ActiveCfg = Release|Any CPU
		{D5993012-ECAE-4F51-8CA4-E827968BECD7}.Ad-Hoc|iPhone.Build.0 = Release|Any CPU
		{D5993012-ECAE-4F51-8CA4-E827968BECD7}.Ad-Hoc|iPhone.Deploy.0 = Release|Any CPU
		{D5993012-ECAE-4F51-8CA4-E827968BECD7}.Ad-Hoc|iPhoneSimulator.ActiveCfg = Release|Any CPU
		{D5993012-ECAE-4F51-8CA4-E827968BECD7}.Ad-Hoc|iPhoneSimulator.Build.0 = Release|Any CPU
		{D5993012-ECAE-4F51-8CA4-E827968BECD7}.Ad-Hoc|iPhoneSimulator.Deploy.0 = Release|Any CPU
		{D5993012-ECAE-4F51-8CA4-E827968BECD7}.Ad-Hoc|x64.ActiveCfg = Release|x64
		{D5993012-ECAE-4F51-8CA4-E827968BECD7}.Ad-Hoc|x64.Build.0 = Release|x64
		{D5993012-ECAE-4F51-8CA4-E827968BECD7}.Ad-Hoc|x64.Deploy.0 = Release|x64
		{D5993012-ECAE-4F51-8CA4-E827968BECD7}.Ad-Hoc|x86.ActiveCfg = Release|x86
		{D5993012-ECAE-4F51-8CA4-E827968BECD7}.Ad-Hoc|x86.Build.0 = Release|x86
		{D5993012-ECAE-4F51-8CA4-E827968BECD7}.Ad-Hoc|x86.Deploy.0 = Release|x86
		{D5993012-ECAE-4F51-8CA4-E827968BECD7}.AppStore|Any CPU.ActiveCfg = Release|Any CPU
		{D5993012-ECAE-4F51-8CA4-E827968BECD7}.AppStore|Any CPU.Build.0 = Release|Any CPU
		{D5993012-ECAE-4F51-8CA4-E827968BECD7}.AppStore|Any CPU.Deploy.0 = Release|Any CPU
		{D5993012-ECAE-4F51-8CA4-E827968BECD7}.AppStore|ARM.ActiveCfg = Release|ARM
		{D5993012-ECAE-4F51-8CA4-E827968BECD7}.AppStore|ARM.Build.0 = Release|ARM
		{D5993012-ECAE-4F51-8CA4-E827968BECD7}.AppStore|ARM.Deploy.0 = Release|ARM
		{D5993012-ECAE-4F51-8CA4-E827968BECD7}.AppStore|iPhone.ActiveCfg = Release|Any CPU
		{D5993012-ECAE-4F51-8CA4-E827968BECD7}.AppStore|iPhone.Build.0 = Release|Any CPU
		{D5993012-ECAE-4F51-8CA4-E827968BECD7}.AppStore|iPhone.Deploy.0 = Release|Any CPU
		{D5993012-ECAE-4F51-8CA4-E827968BECD7}.AppStore|iPhoneSimulator.ActiveCfg = Release|Any CPU
		{D5993012-ECAE-4F51-8CA4-E827968BECD7}.AppStore|iPhoneSimulator.Build.0 = Release|Any CPU
		{D5993012-ECAE-4F51-8CA4-E827968BECD7}.AppStore|iPhoneSimulator.Deploy.0 = Release|Any CPU
		{D5993012-ECAE-4F51-8CA4-E827968BECD7}.AppStore|x64.ActiveCfg = Release|x64
		{D5993012-ECAE-4F51-8CA4-E827968BECD7}.AppStore|x64.Build.0 = Release|x64
		{D5993012-ECAE-4F51-8CA4-E827968BECD7}.AppStore|x64.Deploy.0 = Release|x64
		{D5993012-ECAE-4F51-8CA4-E827968BECD7}.AppStore|x86.ActiveCfg = Release|x86
		{D5993012-ECAE-4F51-8CA4-E827968BECD7}.AppStore|x86.Build.0 = Release|x86
		{D5993012-ECAE-4F51-8CA4-E827968BECD7}.AppStore|x86.Deploy.0 = Release|x86
		{D5993012-ECAE-4F51-8CA4-E827968BECD7}.Debug|Any CPU.ActiveCfg = Debug|Any CPU
		{D5993012-ECAE-4F51-8CA4-E827968BECD7}.Debug|Any CPU.Build.0 = Debug|Any CPU
		{D5993012-ECAE-4F51-8CA4-E827968BECD7}.Debug|Any CPU.Deploy.0 = Debug|Any CPU
		{D5993012-ECAE-4F51-8CA4-E827968BECD7}.Debug|ARM.ActiveCfg = Debug|ARM
		{D5993012-ECAE-4F51-8CA4-E827968BECD7}.Debug|ARM.Build.0 = Debug|ARM
		{D5993012-ECAE-4F51-8CA4-E827968BECD7}.Debug|ARM.Deploy.0 = Debug|ARM
		{D5993012-ECAE-4F51-8CA4-E827968BECD7}.Debug|iPhone.ActiveCfg = Debug|Any CPU
		{D5993012-ECAE-4F51-8CA4-E827968BECD7}.Debug|iPhone.Build.0 = Debug|Any CPU
		{D5993012-ECAE-4F51-8CA4-E827968BECD7}.Debug|iPhone.Deploy.0 = Debug|Any CPU
		{D5993012-ECAE-4F51-8CA4-E827968BECD7}.Debug|iPhoneSimulator.ActiveCfg = Debug|Any CPU
		{D5993012-ECAE-4F51-8CA4-E827968BECD7}.Debug|iPhoneSimulator.Build.0 = Debug|Any CPU
		{D5993012-ECAE-4F51-8CA4-E827968BECD7}.Debug|iPhoneSimulator.Deploy.0 = Debug|Any CPU
		{D5993012-ECAE-4F51-8CA4-E827968BECD7}.Debug|x64.ActiveCfg = Debug|x64
		{D5993012-ECAE-4F51-8CA4-E827968BECD7}.Debug|x64.Build.0 = Debug|x64
		{D5993012-ECAE-4F51-8CA4-E827968BECD7}.Debug|x64.Deploy.0 = Debug|x64
		{D5993012-ECAE-4F51-8CA4-E827968BECD7}.Debug|x86.ActiveCfg = Debug|x86
		{D5993012-ECAE-4F51-8CA4-E827968BECD7}.Debug|x86.Build.0 = Debug|x86
		{D5993012-ECAE-4F51-8CA4-E827968BECD7}.Debug|x86.Deploy.0 = Debug|x86
		{D5993012-ECAE-4F51-8CA4-E827968BECD7}.Release|Any CPU.ActiveCfg = Release|Any CPU
		{D5993012-ECAE-4F51-8CA4-E827968BECD7}.Release|Any CPU.Build.0 = Release|Any CPU
		{D5993012-ECAE-4F51-8CA4-E827968BECD7}.Release|Any CPU.Deploy.0 = Release|Any CPU
		{D5993012-ECAE-4F51-8CA4-E827968BECD7}.Release|ARM.ActiveCfg = Release|ARM
		{D5993012-ECAE-4F51-8CA4-E827968BECD7}.Release|ARM.Build.0 = Release|ARM
		{D5993012-ECAE-4F51-8CA4-E827968BECD7}.Release|ARM.Deploy.0 = Release|ARM
		{D5993012-ECAE-4F51-8CA4-E827968BECD7}.Release|iPhone.ActiveCfg = Release|Any CPU
		{D5993012-ECAE-4F51-8CA4-E827968BECD7}.Release|iPhone.Build.0 = Release|Any CPU
		{D5993012-ECAE-4F51-8CA4-E827968BECD7}.Release|iPhone.Deploy.0 = Release|Any CPU
		{D5993012-ECAE-4F51-8CA4-E827968BECD7}.Release|iPhoneSimulator.ActiveCfg = Release|Any CPU
		{D5993012-ECAE-4F51-8CA4-E827968BECD7}.Release|iPhoneSimulator.Build.0 = Release|Any CPU
		{D5993012-ECAE-4F51-8CA4-E827968BECD7}.Release|iPhoneSimulator.Deploy.0 = Release|Any CPU
		{D5993012-ECAE-4F51-8CA4-E827968BECD7}.Release|x64.ActiveCfg = Release|x64
		{D5993012-ECAE-4F51-8CA4-E827968BECD7}.Release|x64.Build.0 = Release|x64
		{D5993012-ECAE-4F51-8CA4-E827968BECD7}.Release|x64.Deploy.0 = Release|x64
		{D5993012-ECAE-4F51-8CA4-E827968BECD7}.Release|x86.ActiveCfg = Release|x86
		{D5993012-ECAE-4F51-8CA4-E827968BECD7}.Release|x86.Build.0 = Release|x86
		{D5993012-ECAE-4F51-8CA4-E827968BECD7}.Release|x86.Deploy.0 = Release|x86
		{0D940BDD-EFF9-4D9B-A9EF-B89695256BB3}.Ad-Hoc|Any CPU.ActiveCfg = Release|Any CPU
		{0D940BDD-EFF9-4D9B-A9EF-B89695256BB3}.Ad-Hoc|Any CPU.Build.0 = Release|Any CPU
		{0D940BDD-EFF9-4D9B-A9EF-B89695256BB3}.Ad-Hoc|ARM.ActiveCfg = Release|Any CPU
		{0D940BDD-EFF9-4D9B-A9EF-B89695256BB3}.Ad-Hoc|ARM.Build.0 = Release|Any CPU
		{0D940BDD-EFF9-4D9B-A9EF-B89695256BB3}.Ad-Hoc|iPhone.ActiveCfg = Release|Any CPU
		{0D940BDD-EFF9-4D9B-A9EF-B89695256BB3}.Ad-Hoc|iPhone.Build.0 = Release|Any CPU
		{0D940BDD-EFF9-4D9B-A9EF-B89695256BB3}.Ad-Hoc|iPhoneSimulator.ActiveCfg = Release|Any CPU
		{0D940BDD-EFF9-4D9B-A9EF-B89695256BB3}.Ad-Hoc|iPhoneSimulator.Build.0 = Release|Any CPU
		{0D940BDD-EFF9-4D9B-A9EF-B89695256BB3}.Ad-Hoc|x64.ActiveCfg = Release|Any CPU
		{0D940BDD-EFF9-4D9B-A9EF-B89695256BB3}.Ad-Hoc|x64.Build.0 = Release|Any CPU
		{0D940BDD-EFF9-4D9B-A9EF-B89695256BB3}.Ad-Hoc|x86.ActiveCfg = Release|Any CPU
		{0D940BDD-EFF9-4D9B-A9EF-B89695256BB3}.Ad-Hoc|x86.Build.0 = Release|Any CPU
		{0D940BDD-EFF9-4D9B-A9EF-B89695256BB3}.AppStore|Any CPU.ActiveCfg = Release|Any CPU
		{0D940BDD-EFF9-4D9B-A9EF-B89695256BB3}.AppStore|Any CPU.Build.0 = Release|Any CPU
		{0D940BDD-EFF9-4D9B-A9EF-B89695256BB3}.AppStore|ARM.ActiveCfg = Release|Any CPU
		{0D940BDD-EFF9-4D9B-A9EF-B89695256BB3}.AppStore|ARM.Build.0 = Release|Any CPU
		{0D940BDD-EFF9-4D9B-A9EF-B89695256BB3}.AppStore|iPhone.ActiveCfg = Release|Any CPU
		{0D940BDD-EFF9-4D9B-A9EF-B89695256BB3}.AppStore|iPhone.Build.0 = Release|Any CPU
		{0D940BDD-EFF9-4D9B-A9EF-B89695256BB3}.AppStore|iPhoneSimulator.ActiveCfg = Release|Any CPU
		{0D940BDD-EFF9-4D9B-A9EF-B89695256BB3}.AppStore|iPhoneSimulator.Build.0 = Release|Any CPU
		{0D940BDD-EFF9-4D9B-A9EF-B89695256BB3}.AppStore|x64.ActiveCfg = Release|Any CPU
		{0D940BDD-EFF9-4D9B-A9EF-B89695256BB3}.AppStore|x64.Build.0 = Release|Any CPU
		{0D940BDD-EFF9-4D9B-A9EF-B89695256BB3}.AppStore|x86.ActiveCfg = Release|Any CPU
		{0D940BDD-EFF9-4D9B-A9EF-B89695256BB3}.AppStore|x86.Build.0 = Release|Any CPU
		{0D940BDD-EFF9-4D9B-A9EF-B89695256BB3}.Debug|Any CPU.ActiveCfg = Debug|Any CPU
		{0D940BDD-EFF9-4D9B-A9EF-B89695256BB3}.Debug|Any CPU.Build.0 = Debug|Any CPU
		{0D940BDD-EFF9-4D9B-A9EF-B89695256BB3}.Debug|ARM.ActiveCfg = Debug|Any CPU
		{0D940BDD-EFF9-4D9B-A9EF-B89695256BB3}.Debug|ARM.Build.0 = Debug|Any CPU
		{0D940BDD-EFF9-4D9B-A9EF-B89695256BB3}.Debug|iPhone.ActiveCfg = Debug|Any CPU
		{0D940BDD-EFF9-4D9B-A9EF-B89695256BB3}.Debug|iPhone.Build.0 = Debug|Any CPU
		{0D940BDD-EFF9-4D9B-A9EF-B89695256BB3}.Debug|iPhoneSimulator.ActiveCfg = Debug|Any CPU
		{0D940BDD-EFF9-4D9B-A9EF-B89695256BB3}.Debug|iPhoneSimulator.Build.0 = Debug|Any CPU
		{0D940BDD-EFF9-4D9B-A9EF-B89695256BB3}.Debug|x64.ActiveCfg = Debug|Any CPU
		{0D940BDD-EFF9-4D9B-A9EF-B89695256BB3}.Debug|x64.Build.0 = Debug|Any CPU
		{0D940BDD-EFF9-4D9B-A9EF-B89695256BB3}.Debug|x86.ActiveCfg = Debug|Any CPU
		{0D940BDD-EFF9-4D9B-A9EF-B89695256BB3}.Debug|x86.Build.0 = Debug|Any CPU
		{0D940BDD-EFF9-4D9B-A9EF-B89695256BB3}.Release|Any CPU.ActiveCfg = Release|Any CPU
		{0D940BDD-EFF9-4D9B-A9EF-B89695256BB3}.Release|Any CPU.Build.0 = Release|Any CPU
		{0D940BDD-EFF9-4D9B-A9EF-B89695256BB3}.Release|ARM.ActiveCfg = Release|Any CPU
		{0D940BDD-EFF9-4D9B-A9EF-B89695256BB3}.Release|ARM.Build.0 = Release|Any CPU
		{0D940BDD-EFF9-4D9B-A9EF-B89695256BB3}.Release|iPhone.ActiveCfg = Release|Any CPU
		{0D940BDD-EFF9-4D9B-A9EF-B89695256BB3}.Release|iPhone.Build.0 = Release|Any CPU
		{0D940BDD-EFF9-4D9B-A9EF-B89695256BB3}.Release|iPhoneSimulator.ActiveCfg = Release|Any CPU
		{0D940BDD-EFF9-4D9B-A9EF-B89695256BB3}.Release|iPhoneSimulator.Build.0 = Release|Any CPU
		{0D940BDD-EFF9-4D9B-A9EF-B89695256BB3}.Release|x64.ActiveCfg = Release|Any CPU
		{0D940BDD-EFF9-4D9B-A9EF-B89695256BB3}.Release|x64.Build.0 = Release|Any CPU
		{0D940BDD-EFF9-4D9B-A9EF-B89695256BB3}.Release|x86.ActiveCfg = Release|Any CPU
		{0D940BDD-EFF9-4D9B-A9EF-B89695256BB3}.Release|x86.Build.0 = Release|Any CPU
	EndGlobalSection
	GlobalSection(SolutionProperties) = preSolution
		HideSolutionNode = FALSE
	EndGlobalSection
EndGlobal
